<?xml version="1.0" encoding="utf-8"?>
<Project ToolsVersion="4.0" xmlns="http://schemas.microsoft.com/developer/msbuild/2003">
  <ItemGroup>
    <ClCompile Include="..\pkgi.c" />
    <ClCompile Include="..\puff.c" />
    <ClCompile Include="..\pkgi_zrif.c" />
    <ClCompile Include="..\pkgi_download.c" />
    <ClCompile Include="..\pkgi_simulator.c" />
    <ClCompile Include="..\pkgi_vita.c" />
    <ClCompile Include="..\pkgi_dialog.c" />
    <ClCompile Include="..\pkgi_db.c" />
    <ClCompile Include="..\pkgi_menu.c" />
    <ClCompile Include="..\pkgi_config.c" />
    <ClCompile Include="..\pkgi_sha256.c" />
    <ClCompile Include="..\pkgi_aes128.c" />
  </ItemGroup>
  <ItemGroup>
    <ClInclude Include="..\pkgi.h" />
    <ClInclude Include="..\pkgi_utils.h" />
    <ClInclude Include="..\pkgi_zrif.h" />
    <ClInclude Include="..\puff.h" />
    <ClInclude Include="..\pkgi_download.h" />
    <ClInclude Include="..\pkgi_dialog.h" />
    <ClInclude Include="..\pkgi_db.h" />
    <ClInclude Include="..\pkgi_menu.h" />
    <ClInclude Include="..\pkgi_config.h" />
    <ClInclude Include="..\pkgi_sha256.h" />
    <ClInclude Include="..\pkgi_style.h" />
    <ClInclude Include="..\pkgi_aes128.h" />
  </ItemGroup>
  <ItemGroup>
    <Text Include="..\CMakeLists.txt" />
  </ItemGroup>
  <ItemGroup>
    <None Include="..\LICENSE" />
    <None Include="..\README.md" />
  </ItemGroup>
</Project>